
Microsoft Visual Studio Solution File, Format Version 12.00
# Visual Studio 14
VisualStudioVersion = 14.0.25420.1
MinimumVisualStudioVersion = 10.0.40219.1
Project("{FAE04EC0-301F-11D3-BF4B-00C04F79EFBC}") = "task1", "task1\task1.csproj", "{5854685A-515E-4E40-A44F-A099BBB935C2}"
EndProject
Project("{FAE04EC0-301F-11D3-BF4B-00C04F79EFBC}") = "task2", "task2\task2.csproj", "{9AFFC4EB-9F97-4AC9-ABC9-AD5FF5EDEAE5}"
EndProject
Project("{FAE04EC0-301F-11D3-BF4B-00C04F79EFBC}") = "task3", "task3\task3.csproj", "{5BFA4990-BA30-4456-A7DD-7476FF6729A8}"
EndProject
Project("{FAE04EC0-301F-11D3-BF4B-00C04F79EFBC}") = "task4", "task4\task4.csproj", "{030A2D7B-FCD0-4EDD-9082-A1FB89F44B85}"
EndProject
Project("{FAE04EC0-301F-11D3-BF4B-00C04F79EFBC}") = "task5", "task5\task5.csproj", "{DB7F8E5E-9E4B-47F2-8D0B-C00CBA39BB51}"
EndProject
Project("{FAE04EC0-301F-11D3-BF4B-00C04F79EFBC}") = "task6", "task6\task6.csproj", "{DE8BA8DE-FD10-4476-B78C-2336F0279A06}"
EndProject
Project("{FAE04EC0-301F-11D3-BF4B-00C04F79EFBC}") = "task7", "task7\task7.csproj", "{2A08F158-D1E3-4092-B237-C418AC19D1E6}"
EndProject
Global
	GlobalSection(SolutionConfigurationPlatforms) = preSolution
		Debug|Any CPU = Debug|Any CPU
		Release|Any CPU = Release|Any CPU
	EndGlobalSection
	GlobalSection(ProjectConfigurationPlatforms) = postSolution
		{5854685A-515E-4E40-A44F-A099BBB935C2}.Debug|Any CPU.ActiveCfg = Debug|Any CPU
		{5854685A-515E-4E40-A44F-A099BBB935C2}.Debug|Any CPU.Build.0 = Debug|Any CPU
		{5854685A-515E-4E40-A44F-A099BBB935C2}.Release|Any CPU.ActiveCfg = Release|Any CPU
		{5854685A-515E-4E40-A44F-A099BBB935C2}.Release|Any CPU.Build.0 = Release|Any CPU
		{9AFFC4EB-9F97-4AC9-ABC9-AD5FF5EDEAE5}.Debug|Any CPU.ActiveCfg = Debug|Any CPU
		{9AFFC4EB-9F97-4AC9-ABC9-AD5FF5EDEAE5}.Debug|Any CPU.Build.0 = Debug|Any CPU
		{9AFFC4EB-9F97-4AC9-ABC9-AD5FF5EDEAE5}.Release|Any CPU.ActiveCfg = Release|Any CPU
		{9AFFC4EB-9F97-4AC9-ABC9-AD5FF5EDEAE5}.Release|Any CPU.Build.0 = Release|Any CPU
		{5BFA4990-BA30-4456-A7DD-7476FF6729A8}.Debug|Any CPU.ActiveCfg = Debug|Any CPU
		{5BFA4990-BA30-4456-A7DD-7476FF6729A8}.Debug|Any CPU.Build.0 = Debug|Any CPU
		{5BFA4990-BA30-4456-A7DD-7476FF6729A8}.Release|Any CPU.ActiveCfg = Release|Any CPU
		{5BFA4990-BA30-4456-A7DD-7476FF6729A8}.Release|Any CPU.Build.0 = Release|Any CPU
		{030A2D7B-FCD0-4EDD-9082-A1FB89F44B85}.Debug|Any CPU.ActiveCfg = Debug|Any CPU
		{030A2D7B-FCD0-4EDD-9082-A1FB89F44B85}.Debug|Any CPU.Build.0 = Debug|Any CPU
		{030A2D7B-FCD0-4EDD-9082-A1FB89F44B85}.Release|Any CPU.ActiveCfg = Release|Any CPU
		{030A2D7B-FCD0-4EDD-9082-A1FB89F44B85}.Release|Any CPU.Build.0 = Release|Any CPU
		{DB7F8E5E-9E4B-47F2-8D0B-C00CBA39BB51}.Debug|Any CPU.ActiveCfg = Debug|Any CPU
		{DB7F8E5E-9E4B-47F2-8D0B-C00CBA39BB51}.Debug|Any CPU.Build.0 = Debug|Any CPU
		{DB7F8E5E-9E4B-47F2-8D0B-C00CBA39BB51}.Release|Any CPU.ActiveCfg = Release|Any CPU
		{DB7F8E5E-9E4B-47F2-8D0B-C00CBA39BB51}.Release|Any CPU.Build.0 = Release|Any CPU
		{DE8BA8DE-FD10-4476-B78C-2336F0279A06}.Debug|Any CPU.ActiveCfg = Debug|Any CPU
		{DE8BA8DE-FD10-4476-B78C-2336F0279A06}.Debug|Any CPU.Build.0 = Debug|Any CPU
		{DE8BA8DE-FD10-4476-B78C-2336F0279A06}.Release|Any CPU.ActiveCfg = Release|Any CPU
		{DE8BA8DE-FD10-4476-B78C-2336F0279A06}.Release|Any CPU.Build.0 = Release|Any CPU
		{2A08F158-D1E3-4092-B237-C418AC19D1E6}.Debug|Any CPU.ActiveCfg = Debug|Any CPU
		{2A08F158-D1E3-4092-B237-C418AC19D1E6}.Debug|Any CPU.Build.0 = Debug|Any CPU
		{2A08F158-D1E3-4092-B237-C418AC19D1E6}.Release|Any CPU.ActiveCfg = Release|Any CPU
		{2A08F158-D1E3-4092-B237-C418AC19D1E6}.Release|Any CPU.Build.0 = Release|Any CPU
	EndGlobalSection
	GlobalSection(SolutionProperties) = preSolution
		HideSolutionNode = FALSE
	EndGlobalSection
EndGlobal
